
Microsoft Visual Studio Solution File, Format Version 12.00
Project("{FAE04EC0-301F-11D3-BF4B-00C04F79EFBC}") = "CigarHelper", "CigarHelper\CigarHelper.csproj", "{2900B6BF-4D8C-4206-AADA-61BD39266FC3}"
EndProject
Project("{FAE04EC0-301F-11D3-BF4B-00C04F79EFBC}") = "OpenIDProviderApp", "OpenIDProviderApp\OpenIDProviderApp.csproj", "{458B55E6-6BE3-4092-BD29-E80A13B90A7C}"
EndProject
Global
	GlobalSection(SolutionConfigurationPlatforms) = preSolution
		Debug|Any CPU = Debug|Any CPU
		Release|Any CPU = Release|Any CPU
	EndGlobalSection
	GlobalSection(ProjectConfigurationPlatforms) = postSolution
		{2900B6BF-4D8C-4206-AADA-61BD39266FC3}.Debug|Any CPU.ActiveCfg = Debug|Any CPU
		{2900B6BF-4D8C-4206-AADA-61BD39266FC3}.Debug|Any CPU.Build.0 = Debug|Any CPU
		{2900B6BF-4D8C-4206-AADA-61BD39266FC3}.Release|Any CPU.ActiveCfg = Release|Any CPU
		{2900B6BF-4D8C-4206-AADA-61BD39266FC3}.Release|Any CPU.Build.0 = Release|Any CPU
		{458B55E6-6BE3-4092-BD29-E80A13B90A7C}.Debug|Any CPU.ActiveCfg = Debug|Any CPU
		{458B55E6-6BE3-4092-BD29-E80A13B90A7C}.Debug|Any CPU.Build.0 = Debug|Any CPU
		{458B55E6-6BE3-4092-BD29-E80A13B90A7C}.Release|Any CPU.ActiveCfg = Release|Any CPU
		{458B55E6-6BE3-4092-BD29-E80A13B90A7C}.Release|Any CPU.Build.0 = Release|Any CPU
	EndGlobalSection
EndGlobal
